// !$*UTF8*$!
{
	archiveVersion = 1;
	classes = {
	};
	objectVersion = 46;
	objects = {

/* Begin PBXBuildFile section */
		4C0B245B1A9455C200AC26CF /* AppDelegate.swift in Sources */ = {isa = PBXBuildFile; fileRef = 4C0B245A1A9455C200AC26CF /* AppDelegate.swift */; };
		4C0B245D1A9455C200AC26CF /* LoginViewController.swift in Sources */ = {isa = PBXBuildFile; fileRef = 4C0B245C1A9455C200AC26CF /* LoginViewController.swift */; };
		4C0B24601A9455C200AC26CF /* Main.storyboard in Resources */ = {isa = PBXBuildFile; fileRef = 4C0B245E1A9455C200AC26CF /* Main.storyboard */; };
		4C0B24621A9455C200AC26CF /* Images.xcassets in Resources */ = {isa = PBXBuildFile; fileRef = 4C0B24611A9455C200AC26CF /* Images.xcassets */; };
		4C0B24651A9455C200AC26CF /* LaunchScreen.xib in Resources */ = {isa = PBXBuildFile; fileRef = 4C0B24631A9455C200AC26CF /* LaunchScreen.xib */; };
		4C0B24711A9455C200AC26CF /* twitterappTests.swift in Sources */ = {isa = PBXBuildFile; fileRef = 4C0B24701A9455C200AC26CF /* twitterappTests.swift */; };
		4C0B247F1A94567100AC26CF /* TwitterClient.swift in Sources */ = {isa = PBXBuildFile; fileRef = 4C0B247E1A94567100AC26CF /* TwitterClient.swift */; };
		4CCB9BD41A98016400BE076F /* TweetsViewController.swift in Sources */ = {isa = PBXBuildFile; fileRef = 4CCB9BD31A98016300BE076F /* TweetsViewController.swift */; };
		4CCB9BD61A98122300BE076F /* TweetCell.swift in Sources */ = {isa = PBXBuildFile; fileRef = 4CCB9BD51A98122300BE076F /* TweetCell.swift */; };
		4CCB9BD81A98263D00BE076F /* TweetDetailsViewController.swift in Sources */ = {isa = PBXBuildFile; fileRef = 4CCB9BD71A98263D00BE076F /* TweetDetailsViewController.swift */; };
		4CD285CC1A96E2F800D739C5 /* User.swift in Sources */ = {isa = PBXBuildFile; fileRef = 4CD285CB1A96E2F800D739C5 /* User.swift */; };
		4CD285CE1A96E30700D739C5 /* Tweet.swift in Sources */ = {isa = PBXBuildFile; fileRef = 4CD285CD1A96E30700D739C5 /* Tweet.swift */; };
		4CD285D01A9983F600D739C5 /* ComposerViewController.swift in Sources */ = {isa = PBXBuildFile; fileRef = 4CD285CF1A9983F600D739C5 /* ComposerViewController.swift */; };
		CF891FA4E2A7307974E06BFB /* libPods.a in Frameworks */ = {isa = PBXBuildFile; fileRef = 515DC7CD8102CB75CA8EF7AB /* libPods.a */; };
/* End PBXBuildFile section */

/* Begin PBXContainerItemProxy section */
		4C0B246B1A9455C200AC26CF /* PBXContainerItemProxy */ = {
			isa = PBXContainerItemProxy;
			containerPortal = 4C0B244D1A9455C200AC26CF /* Project object */;
			proxyType = 1;
			remoteGlobalIDString = 4C0B24541A9455C200AC26CF;
			remoteInfo = twitterapp;
		};
/* End PBXContainerItemProxy section */

/* Begin PBXFileReference section */
		4C0B24551A9455C200AC26CF /* twitterapp.app */ = {isa = PBXFileReference; explicitFileType = wrapper.application; includeInIndex = 0; path = twitterapp.app; sourceTree = BUILT_PRODUCTS_DIR; };
		4C0B24591A9455C200AC26CF /* Info.plist */ = {isa = PBXFileReference; lastKnownFileType = text.plist.xml; path = Info.plist; sourceTree = "<group>"; };
		4C0B245A1A9455C200AC26CF /* AppDelegate.swift */ = {isa = PBXFileReference; lastKnownFileType = sourcecode.swift; path = AppDelegate.swift; sourceTree = "<group>"; };
		4C0B245C1A9455C200AC26CF /* LoginViewController.swift */ = {isa = PBXFileReference; lastKnownFileType = sourcecode.swift; path = LoginViewController.swift; sourceTree = "<group>"; };
		4C0B245F1A9455C200AC26CF /* Base */ = {isa = PBXFileReference; lastKnownFileType = file.storyboard; name = Base; path = Base.lproj/Main.storyboard; sourceTree = "<group>"; };
		4C0B24611A9455C200AC26CF /* Images.xcassets */ = {isa = PBXFileReference; lastKnownFileType = folder.assetcatalog; path = Images.xcassets; sourceTree = "<group>"; };
		4C0B24641A9455C200AC26CF /* Base */ = {isa = PBXFileReference; lastKnownFileType = file.xib; name = Base; path = Base.lproj/LaunchScreen.xib; sourceTree = "<group>"; };
		4C0B246A1A9455C200AC26CF /* twitterappTests.xctest */ = {isa = PBXFileReference; explicitFileType = wrapper.cfbundle; includeInIndex = 0; path = twitterappTests.xctest; sourceTree = BUILT_PRODUCTS_DIR; };
		4C0B246F1A9455C200AC26CF /* Info.plist */ = {isa = PBXFileReference; lastKnownFileType = text.plist.xml; path = Info.plist; sourceTree = "<group>"; };
		4C0B24701A9455C200AC26CF /* twitterappTests.swift */ = {isa = PBXFileReference; lastKnownFileType = sourcecode.swift; path = twitterappTests.swift; sourceTree = "<group>"; };
		4C0B247A1A94564500AC26CF /* twitterapp-Bridging-Header.h */ = {isa = PBXFileReference; lastKnownFileType = sourcecode.c.h; path = "twitterapp-Bridging-Header.h"; sourceTree = "<group>"; };
		4C0B247E1A94567100AC26CF /* TwitterClient.swift */ = {isa = PBXFileReference; fileEncoding = 4; lastKnownFileType = sourcecode.swift; path = TwitterClient.swift; sourceTree = "<group>"; };
		4CCB9BD31A98016300BE076F /* TweetsViewController.swift */ = {isa = PBXFileReference; fileEncoding = 4; lastKnownFileType = sourcecode.swift; path = TweetsViewController.swift; sourceTree = "<group>"; };
		4CCB9BD51A98122300BE076F /* TweetCell.swift */ = {isa = PBXFileReference; fileEncoding = 4; lastKnownFileType = sourcecode.swift; path = TweetCell.swift; sourceTree = "<group>"; };
		4CCB9BD71A98263D00BE076F /* TweetDetailsViewController.swift */ = {isa = PBXFileReference; fileEncoding = 4; lastKnownFileType = sourcecode.swift; path = TweetDetailsViewController.swift; sourceTree = "<group>"; };
		4CD285CB1A96E2F800D739C5 /* User.swift */ = {isa = PBXFileReference; fileEncoding = 4; lastKnownFileType = sourcecode.swift; path = User.swift; sourceTree = "<group>"; };
		4CD285CD1A96E30700D739C5 /* Tweet.swift */ = {isa = PBXFileReference; fileEncoding = 4; lastKnownFileType = sourcecode.swift; path = Tweet.swift; sourceTree = "<group>"; };
		4CD285CF1A9983F600D739C5 /* ComposerViewController.swift */ = {isa = PBXFileReference; fileEncoding = 4; lastKnownFileType = sourcecode.swift; path = ComposerViewController.swift; sourceTree = "<group>"; };
		515DC7CD8102CB75CA8EF7AB /* libPods.a */ = {isa = PBXFileReference; explicitFileType = archive.ar; includeInIndex = 0; path = libPods.a; sourceTree = BUILT_PRODUCTS_DIR; };
		5F57414D66D290D67058EC95 /* Pods.debug.xcconfig */ = {isa = PBXFileReference; includeInIndex = 1; lastKnownFileType = text.xcconfig; name = Pods.debug.xcconfig; path = "Pods/Target Support Files/Pods/Pods.debug.xcconfig"; sourceTree = "<group>"; };
		D70C3D27F590FA1E69F6C21E /* Pods.release.xcconfig */ = {isa = PBXFileReference; includeInIndex = 1; lastKnownFileType = text.xcconfig; name = Pods.release.xcconfig; path = "Pods/Target Support Files/Pods/Pods.release.xcconfig"; sourceTree = "<group>"; };
/* End PBXFileReference section */

/* Begin PBXFrameworksBuildPhase section */
		4C0B24521A9455C200AC26CF /* Frameworks */ = {
			isa = PBXFrameworksBuildPhase;
			buildActionMask = 2147483647;
			files = (
				CF891FA4E2A7307974E06BFB /* libPods.a in Frameworks */,
			);
			runOnlyForDeploymentPostprocessing = 0;
		};
		4C0B24671A9455C200AC26CF /* Frameworks */ = {
			isa = PBXFrameworksBuildPhase;
			buildActionMask = 2147483647;
			files = (
			);
			runOnlyForDeploymentPostprocessing = 0;
		};
/* End PBXFrameworksBuildPhase section */

/* Begin PBXGroup section */
		3FDF1B507C77D5E6AED98B09 /* Pods */ = {
			isa = PBXGroup;
			children = (
				5F57414D66D290D67058EC95 /* Pods.debug.xcconfig */,
				D70C3D27F590FA1E69F6C21E /* Pods.release.xcconfig */,
			);
			name = Pods;
			sourceTree = "<group>";
		};
		4C0B244C1A9455C200AC26CF = {
			isa = PBXGroup;
			children = (
				4C0B24571A9455C200AC26CF /* twitterapp */,
				4C0B246D1A9455C200AC26CF /* twitterappTests */,
				4C0B24561A9455C200AC26CF /* Products */,
				3FDF1B507C77D5E6AED98B09 /* Pods */,
				D6F4B4839015A8FEBFFCEBA4 /* Frameworks */,
			);
			sourceTree = "<group>";
		};
		4C0B24561A9455C200AC26CF /* Products */ = {
			isa = PBXGroup;
			children = (
				4C0B24551A9455C200AC26CF /* twitterapp.app */,
				4C0B246A1A9455C200AC26CF /* twitterappTests.xctest */,
			);
			name = Products;
			sourceTree = "<group>";
		};
		4C0B24571A9455C200AC26CF /* twitterapp */ = {
			isa = PBXGroup;
			children = (
				4CCB9BD01A98005E00BE076F /* Controllers */,
				4CD285CA1A96E2D000D739C5 /* Models */,
				4C0B247D1A94565E00AC26CF /* API */,
				4C0B245A1A9455C200AC26CF /* AppDelegate.swift */,
				4C0B245E1A9455C200AC26CF /* Main.storyboard */,
				4CCB9BD51A98122300BE076F /* TweetCell.swift */,
				4C0B24611A9455C200AC26CF /* Images.xcassets */,
				4C0B24631A9455C200AC26CF /* LaunchScreen.xib */,
				4C0B24581A9455C200AC26CF /* Supporting Files */,
				4C0B247A1A94564500AC26CF /* twitterapp-Bridging-Header.h */,
			);
			path = twitterapp;
			sourceTree = "<group>";
		};
		4C0B24581A9455C200AC26CF /* Supporting Files */ = {
			isa = PBXGroup;
			children = (
				4C0B24591A9455C200AC26CF /* Info.plist */,
			);
			name = "Supporting Files";
			sourceTree = "<group>";
		};
		4C0B246D1A9455C200AC26CF /* twitterappTests */ = {
			isa = PBXGroup;
			children = (
				4C0B24701A9455C200AC26CF /* twitterappTests.swift */,
				4C0B246E1A9455C200AC26CF /* Supporting Files */,
			);
			path = twitterappTests;
			sourceTree = "<group>";
		};
		4C0B246E1A9455C200AC26CF /* Supporting Files */ = {
			isa = PBXGroup;
			children = (
				4C0B246F1A9455C200AC26CF /* Info.plist */,
			);
			name = "Supporting Files";
			sourceTree = "<group>";
		};
		4C0B247D1A94565E00AC26CF /* API */ = {
			isa = PBXGroup;
			children = (
				4C0B247E1A94567100AC26CF /* TwitterClient.swift */,
			);
			name = API;
			sourceTree = "<group>";
		};
		4CCB9BD01A98005E00BE076F /* Controllers */ = {
			isa = PBXGroup;
			children = (
				4C0B245C1A9455C200AC26CF /* LoginViewController.swift */,
				4CCB9BD31A98016300BE076F /* TweetsViewController.swift */,
				4CD285CF1A9983F600D739C5 /* ComposerViewController.swift */,
				4CCB9BD71A98263D00BE076F /* TweetDetailsViewController.swift */,
			);
			name = Controllers;
			sourceTree = "<group>";
		};
		4CD285CA1A96E2D000D739C5 /* Models */ = {
			isa = PBXGroup;
			children = (
				4CD285CB1A96E2F800D739C5 /* User.swift */,
				4CD285CD1A96E30700D739C5 /* Tweet.swift */,
			);
			name = Models;
			sourceTree = "<group>";
		};
		D6F4B4839015A8FEBFFCEBA4 /* Frameworks */ = {
			isa = PBXGroup;
			children = (
				515DC7CD8102CB75CA8EF7AB /* libPods.a */,
			);
			name = Frameworks;
			sourceTree = "<group>";
		};
/* End PBXGroup section */

/* Begin PBXNativeTarget section */
		4C0B24541A9455C200AC26CF /* twitterapp */ = {
			isa = PBXNativeTarget;
			buildConfigurationList = 4C0B24741A9455C200AC26CF /* Build configuration list for PBXNativeTarget "twitterapp" */;
			buildPhases = (
				A07DEEA2CCBBC4771820C241 /* Check Pods Manifest.lock */,
				4C0B24511A9455C200AC26CF /* Sources */,
				4C0B24521A9455C200AC26CF /* Frameworks */,
				4C0B24531A9455C200AC26CF /* Resources */,
				4773A98BD182A0E9D6B98004 /* Copy Pods Resources */,
			);
			buildRules = (
			);
			dependencies = (
			);
			name = twitterapp;
			productName = twitterapp;
			productReference = 4C0B24551A9455C200AC26CF /* twitterapp.app */;
			productType = "com.apple.product-type.application";
		};
		4C0B24691A9455C200AC26CF /* twitterappTests */ = {
			isa = PBXNativeTarget;
			buildConfigurationList = 4C0B24771A9455C200AC26CF /* Build configuration list for PBXNativeTarget "twitterappTests" */;
			buildPhases = (
				4C0B24661A9455C200AC26CF /* Sources */,
				4C0B24671A9455C200AC26CF /* Frameworks */,
				4C0B24681A9455C200AC26CF /* Resources */,
			);
			buildRules = (
			);
			dependencies = (
				4C0B246C1A9455C200AC26CF /* PBXTargetDependency */,
			);
			name = twitterappTests;
			productName = twitterappTests;
			productReference = 4C0B246A1A9455C200AC26CF /* twitterappTests.xctest */;
			productType = "com.apple.product-type.bundle.unit-test";
		};
/* End PBXNativeTarget section */

/* Begin PBXProject section */
		4C0B244D1A9455C200AC26CF /* Project object */ = {
			isa = PBXProject;
			attributes = {
				LastUpgradeCheck = 0620;
				ORGANIZATIONNAME = "Mari Batilando";
				TargetAttributes = {
					4C0B24541A9455C200AC26CF = {
						CreatedOnToolsVersion = 6.2;
					};
					4C0B24691A9455C200AC26CF = {
						CreatedOnToolsVersion = 6.2;
						TestTargetID = 4C0B24541A9455C200AC26CF;
					};
				};
			};
			buildConfigurationList = 4C0B24501A9455C200AC26CF /* Build configuration list for PBXProject "twitterapp" */;
			compatibilityVersion = "Xcode 3.2";
			developmentRegion = English;
			hasScannedForEncodings = 0;
			knownRegions = (
				en,
				Base,
			);
			mainGroup = 4C0B244C1A9455C200AC26CF;
			productRefGroup = 4C0B24561A9455C200AC26CF /* Products */;
			projectDirPath = "";
			projectRoot = "";
			targets = (
				4C0B24541A9455C200AC26CF /* twitterapp */,
				4C0B24691A9455C200AC26CF /* twitterappTests */,
			);
		};
/* End PBXProject section */

/* Begin PBXResourcesBuildPhase section */
		4C0B24531A9455C200AC26CF /* Resources */ = {
			isa = PBXResourcesBuildPhase;
			buildActionMask = 2147483647;
			files = (
				4C0B24601A9455C200AC26CF /* Main.storyboard in Resources */,
				4C0B24651A9455C200AC26CF /* LaunchScreen.xib in Resources */,
				4C0B24621A9455C200AC26CF /* Images.xcassets in Resources */,
			);
			runOnlyForDeploymentPostprocessing = 0;
		};
		4C0B24681A9455C200AC26CF /* Resources */ = {
			isa = PBXResourcesBuildPhase;
			buildActionMask = 2147483647;
			files = (
			);
			runOnlyForDeploymentPostprocessing = 0;
		};
/* End PBXResourcesBuildPhase section */

/* Begin PBXShellScriptBuildPhase section */
		4773A98BD182A0E9D6B98004 /* Copy Pods Resources */ = {
			isa = PBXShellScriptBuildPhase;
			buildActionMask = 2147483647;
			files = (
			);
			inputPaths = (
			);
			name = "Copy Pods Resources";
			outputPaths = (
			);
			runOnlyForDeploymentPostprocessing = 0;
			shellPath = /bin/sh;
			shellScript = "\"${SRCROOT}/Pods/Target Support Files/Pods/Pods-resources.sh\"\n";
			showEnvVarsInLog = 0;
		};
		A07DEEA2CCBBC4771820C241 /* Check Pods Manifest.lock */ = {
			isa = PBXShellScriptBuildPhase;
			buildActionMask = 2147483647;
			files = (
			);
			inputPaths = (
			);
			name = "Check Pods Manifest.lock";
			outputPaths = (
			);
			runOnlyForDeploymentPostprocessing = 0;
			shellPath = /bin/sh;
			shellScript = "diff \"${PODS_ROOT}/../Podfile.lock\" \"${PODS_ROOT}/Manifest.lock\" > /dev/null\nif [[ $? != 0 ]] ; then\n    cat << EOM\nerror: The sandbox is not in sync with the Podfile.lock. Run 'pod install' or update your CocoaPods installation.\nEOM\n    exit 1\nfi\n";
			showEnvVarsInLog = 0;
		};
/* End PBXShellScriptBuildPhase section */

/* Begin PBXSourcesBuildPhase section */
		4C0B24511A9455C200AC26CF /* Sources */ = {
			isa = PBXSourcesBuildPhase;
			buildActionMask = 2147483647;
			files = (
				4CD285CC1A96E2F800D739C5 /* User.swift in Sources */,
				4CCB9BD61A98122300BE076F /* TweetCell.swift in Sources */,
				4CCB9BD81A98263D00BE076F /* TweetDetailsViewController.swift in Sources */,
				4CD285D01A9983F600D739C5 /* ComposerViewController.swift in Sources */,
				4CD285CE1A96E30700D739C5 /* Tweet.swift in Sources */,
				4CCB9BD41A98016400BE076F /* TweetsViewController.swift in Sources */,
				4C0B245D1A9455C200AC26CF /* LoginViewController.swift in Sources */,
				4C0B247F1A94567100AC26CF /* TwitterClient.swift in Sources */,
				4C0B245B1A9455C200AC26CF /* AppDelegate.swift in Sources */,
			);
			runOnlyForDeploymentPostprocessing = 0;
		};
		4C0B24661A9455C200AC26CF /* Sources */ = {
			isa = PBXSourcesBuildPhase;
			buildActionMask = 2147483647;
			files = (
				4C0B24711A9455C200AC26CF /* twitterappTests.swift in Sources */,
			);
			runOnlyForDeploymentPostprocessing = 0;
		};
/* End PBXSourcesBuildPhase section */

/* Begin PBXTargetDependency section */
		4C0B246C1A9455C200AC26CF /* PBXTargetDependency */ = {
			isa = PBXTargetDependency;
			target = 4C0B24541A9455C200AC26CF /* twitterapp */;
			targetProxy = 4C0B246B1A9455C200AC26CF /* PBXContainerItemProxy */;
		};
/* End PBXTargetDependency section */

/* Begin PBXVariantGroup section */
		4C0B245E1A9455C200AC26CF /* Main.storyboard */ = {
			isa = PBXVariantGroup;
			children = (
				4C0B245F1A9455C200AC26CF /* Base */,
			);
			name = Main.storyboard;
			sourceTree = "<group>";
		};
		4C0B24631A9455C200AC26CF /* LaunchScreen.xib */ = {
			isa = PBXVariantGroup;
			children = (
				4C0B24641A9455C200AC26CF /* Base */,
			);
			name = LaunchScreen.xib;
			sourceTree = "<group>";
		};
/* End PBXVariantGroup section */

/* Begin XCBuildConfiguration section */
		4C0B24721A9455C200AC26CF /* Debug */ = {
			isa = XCBuildConfiguration;
			buildSettings = {
				ALWAYS_SEARCH_USER_PATHS = NO;
				CLANG_CXX_LANGUAGE_STANDARD = "gnu++0x";
				CLANG_CXX_LIBRARY = "libc++";
				CLANG_ENABLE_MODULES = YES;
				CLANG_ENABLE_OBJC_ARC = YES;
				CLANG_WARN_BOOL_CONVERSION = YES;
				CLANG_WARN_CONSTANT_CONVERSION = YES;
				CLANG_WARN_DIRECT_OBJC_ISA_USAGE = YES_ERROR;
				CLANG_WARN_EMPTY_BODY = YES;
				CLANG_WARN_ENUM_CONVERSION = YES;
				CLANG_WARN_INT_CONVERSION = YES;
				CLANG_WARN_OBJC_ROOT_CLASS = YES_ERROR;
				CLANG_WARN_UNREACHABLE_CODE = YES;
				CLANG_WARN__DUPLICATE_METHOD_MATCH = YES;
				"CODE_SIGN_IDENTITY[sdk=iphoneos*]" = "iPhone Developer";
				COPY_PHASE_STRIP = NO;
				ENABLE_STRICT_OBJC_MSGSEND = YES;
				GCC_C_LANGUAGE_STANDARD = gnu99;
				GCC_DYNAMIC_NO_PIC = NO;
				GCC_OPTIMIZATION_LEVEL = 0;
				GCC_PREPROCESSOR_DEFINITIONS = (
					"DEBUG=1",
					"$(inherited)",
				);
				GCC_SYMBOLS_PRIVATE_EXTERN = NO;
				GCC_WARN_64_TO_32_BIT_CONVERSION = YES;
				GCC_WARN_ABOUT_RETURN_TYPE = YES_ERROR;
				GCC_WARN_UNDECLARED_SELECTOR = YES;
				GCC_WARN_UNINITIALIZED_AUTOS = YES_AGGRESSIVE;
				GCC_WARN_UNUSED_FUNCTION = YES;
				GCC_WARN_UNUSED_VARIABLE = YES;
				IPHONEOS_DEPLOYMENT_TARGET = 8.2;
				MTL_ENABLE_DEBUG_INFO = YES;
				ONLY_ACTIVE_ARCH = YES;
				SDKROOT = iphoneos;
				SWIFT_OPTIMIZATION_LEVEL = "-Onone";
			};
			name = Debug;
		};
		4C0B24731A9455C200AC26CF /* Release */ = {
			isa = XCBuildConfiguration;
			buildSettings = {
				ALWAYS_SEARCH_USER_PATHS = NO;
				CLANG_CXX_LANGUAGE_STANDARD = "gnu++0x";
				CLANG_CXX_LIBRARY = "libc++";
				CLANG_ENABLE_MODULES = YES;
				CLANG_ENABLE_OBJC_ARC = YES;
				CLANG_WARN_BOOL_CONVERSION = YES;
				CLANG_WARN_CONSTANT_CONVERSION = YES;
				CLANG_WARN_DIRECT_OBJC_ISA_USAGE = YES_ERROR;
				CLANG_WARN_EMPTY_BODY = YES;
				CLANG_WARN_ENUM_CONVERSION = YES;
				CLANG_WARN_INT_CONVERSION = YES;
				CLANG_WARN_OBJC_ROOT_CLASS = YES_ERROR;
				CLANG_WARN_UNREACHABLE_CODE = YES;
				CLANG_WARN__DUPLICATE_METHOD_MATCH = YES;
				"CODE_SIGN_IDENTITY[sdk=iphoneos*]" = "iPhone Developer";
				COPY_PHASE_STRIP = NO;
				ENABLE_NS_ASSERTIONS = NO;
				ENABLE_STRICT_OBJC_MSGSEND = YES;
				GCC_C_LANGUAGE_STANDARD = gnu99;
				GCC_WARN_64_TO_32_BIT_CONVERSION = YES;
				GCC_WARN_ABOUT_RETURN_TYPE = YES_ERROR;
				GCC_WARN_UNDECLARED_SELECTOR = YES;
				GCC_WARN_UNINITIALIZED_AUTOS = YES_AGGRESSIVE;
				GCC_WARN_UNUSED_FUNCTION = YES;
				GCC_WARN_UNUSED_VARIABLE = YES;
				IPHONEOS_DEPLOYMENT_TARGET = 8.2;
				MTL_ENABLE_DEBUG_INFO = NO;
				SDKROOT = iphoneos;
				VALIDATE_PRODUCT = YES;
			};
			name = Release;
		};
		4C0B24751A9455C200AC26CF /* Debug */ = {
			isa = XCBuildConfiguration;
			baseConfigurationReference = 5F57414D66D290D67058EC95 /* Pods.debug.xcconfig */;
			buildSettings = {
				ASSETCATALOG_COMPILER_APPICON_NAME = AppIcon;
				CLANG_ENABLE_MODULES = YES;
				INFOPLIST_FILE = twitterapp/Info.plist;
				LD_RUNPATH_SEARCH_PATHS = "$(inherited) @executable_path/Frameworks";
				PRODUCT_NAME = "$(TARGET_NAME)";
				SWIFT_OBJC_BRIDGING_HEADER = "twitterapp/twitterapp-Bridging-Header.h";
				SWIFT_OPTIMIZATION_LEVEL = "-Onone";
			};
			name = Debug;
		};
		4C0B24761A9455C200AC26CF /* Release */ = {
			isa = XCBuildConfiguration;
			baseConfigurationReference = D70C3D27F590FA1E69F6C21E /* Pods.release.xcconfig */;
			buildSettings = {
				ASSETCATALOG_COMPILER_APPICON_NAME = AppIcon;
				CLANG_ENABLE_MODULES = YES;
				INFOPLIST_FILE = twitterapp/Info.plist;
				LD_RUNPATH_SEARCH_PATHS = "$(inherited) @executable_path/Frameworks";
				PRODUCT_NAME = "$(TARGET_NAME)";
				SWIFT_OBJC_BRIDGING_HEADER = "twitterapp/twitterapp-Bridging-Header.h";
			};
			name = Release;
		};
		4C0B24781A9455C200AC26CF /* Debug */ = {
			isa = XCBuildConfiguration;
			buildSettings = {
				BUNDLE_LOADER = "$(TEST_HOST)";
				FRAMEWORK_SEARCH_PATHS = (
					"$(SDKROOT)/Developer/Library/Frameworks",
					"$(inherited)",
				);
				GCC_PREPROCESSOR_DEFINITIONS = (
					"DEBUG=1",
					"$(inherited)",
				);
				INFOPLIST_FILE = twitterappTests/Info.plist;
				LD_RUNPATH_SEARCH_PATHS = "$(inherited) @executable_path/Frameworks @loader_path/Frameworks";
				PRODUCT_NAME = "$(TARGET_NAME)";
				TEST_HOST = "$(BUILT_PRODUCTS_DIR)/twitterapp.app/twitterapp";
			};
			name = Debug;
		};
		4C0B24791A9455C200AC26CF /* Release */ = {
			isa = XCBuildConfiguration;
			buildSettings = {
				BUNDLE_LOADER = "$(TEST_HOST)";
				FRAMEWORK_SEARCH_PATHS = (
					"$(SDKROOT)/Developer/Library/Frameworks",
					"$(inherited)",
				);
				INFOPLIST_FILE = twitterappTests/Info.plist;
				LD_RUNPATH_SEARCH_PATHS = "$(inherited) @executable_path/Frameworks @loader_path/Frameworks";
				PRODUCT_NAME = "$(TARGET_NAME)";
				TEST_HOST = "$(BUILT_PRODUCTS_DIR)/twitterapp.app/twitterapp";
			};
			name = Release;
		};
/* End XCBuildConfiguration section */

/* Begin XCConfigurationList section */
		4C0B24501A9455C200AC26CF /* Build configuration list for PBXProject "twitterapp" */ = {
			isa = XCConfigurationList;
			buildConfigurations = (
				4C0B24721A9455C200AC26CF /* Debug */,
				4C0B24731A9455C200AC26CF /* Release */,
			);
			defaultConfigurationIsVisible = 0;
			defaultConfigurationName = Release;
		};
		4C0B24741A9455C200AC26CF /* Build configuration list for PBXNativeTarget "twitterapp" */ = {
			isa = XCConfigurationList;
			buildConfigurations = (
				4C0B24751A9455C200AC26CF /* Debug */,
				4C0B24761A9455C200AC26CF /* Release */,
			);
			defaultConfigurationIsVisible = 0;
			defaultConfigurationName = Release;
		};
		4C0B24771A9455C200AC26CF /* Build configuration list for PBXNativeTarget "twitterappTests" */ = {
			isa = XCConfigurationList;
			buildConfigurations = (
				4C0B24781A9455C200AC26CF /* Debug */,
				4C0B24791A9455C200AC26CF /* Release */,
			);
			defaultConfigurationIsVisible = 0;
			defaultConfigurationName = Release;
		};
/* End XCConfigurationList section */
	};
	rootObject = 4C0B244D1A9455C200AC26CF /* Project object */;
}
